// !$*UTF8*$!
{
	archiveVersion = 1;
	classes = {
	};
	objectVersion = 46;
	objects = {

/* Begin PBXBuildFile section */
		952A4ACE1E2AA2C300B949D0 /* Rate.swift in Sources */ = {isa = PBXBuildFile; fileRef = 952A4ACD1E2AA2C300B949D0 /* Rate.swift */; };
		952A4AD01E2AB24200B949D0 /* RateCollectionViewCell.swift in Sources */ = {isa = PBXBuildFile; fileRef = 952A4ACF1E2AB24200B949D0 /* RateCollectionViewCell.swift */; };
		952A4AD21E2BEA4F00B949D0 /* DataCache.swift in Sources */ = {isa = PBXBuildFile; fileRef = 952A4AD11E2BEA4F00B949D0 /* DataCache.swift */; };
		95423A051E25960400803BB1 /* AppDelegate.swift in Sources */ = {isa = PBXBuildFile; fileRef = 95423A041E25960400803BB1 /* AppDelegate.swift */; };
		95423A071E25960400803BB1 /* ViewController.swift in Sources */ = {isa = PBXBuildFile; fileRef = 95423A061E25960400803BB1 /* ViewController.swift */; };
		95423A0A1E25960400803BB1 /* Main.storyboard in Resources */ = {isa = PBXBuildFile; fileRef = 95423A081E25960400803BB1 /* Main.storyboard */; };
		95423A0D1E25960400803BB1 /* CurrencyConverter.xcdatamodeld in Sources */ = {isa = PBXBuildFile; fileRef = 95423A0B1E25960400803BB1 /* CurrencyConverter.xcdatamodeld */; };
		95423A0F1E25960400803BB1 /* Assets.xcassets in Resources */ = {isa = PBXBuildFile; fileRef = 95423A0E1E25960400803BB1 /* Assets.xcassets */; };
		95423A121E25960400803BB1 /* LaunchScreen.storyboard in Resources */ = {isa = PBXBuildFile; fileRef = 95423A101E25960400803BB1 /* LaunchScreen.storyboard */; };
		95423A1D1E25960400803BB1 /* CurrencyConverterTests.swift in Sources */ = {isa = PBXBuildFile; fileRef = 95423A1C1E25960400803BB1 /* CurrencyConverterTests.swift */; };
		95423A281E259E2D00803BB1 /* DataManager.swift in Sources */ = {isa = PBXBuildFile; fileRef = 95423A271E259E2D00803BB1 /* DataManager.swift */; };
/* End PBXBuildFile section */

/* Begin PBXContainerItemProxy section */
		95423A191E25960400803BB1 /* PBXContainerItemProxy */ = {
			isa = PBXContainerItemProxy;
			containerPortal = 954239F91E25960400803BB1 /* Project object */;
			proxyType = 1;
			remoteGlobalIDString = 95423A001E25960400803BB1;
			remoteInfo = CurrencyConverter;
		};
/* End PBXContainerItemProxy section */

/* Begin PBXFileReference section */
		952A4ACD1E2AA2C300B949D0 /* Rate.swift */ = {isa = PBXFileReference; fileEncoding = 4; lastKnownFileType = sourcecode.swift; path = Rate.swift; sourceTree = "<group>"; };
		952A4ACF1E2AB24200B949D0 /* RateCollectionViewCell.swift */ = {isa = PBXFileReference; fileEncoding = 4; lastKnownFileType = sourcecode.swift; path = RateCollectionViewCell.swift; sourceTree = "<group>"; };
		952A4AD11E2BEA4F00B949D0 /* DataCache.swift */ = {isa = PBXFileReference; fileEncoding = 4; lastKnownFileType = sourcecode.swift; path = DataCache.swift; sourceTree = "<group>"; };
		95423A011E25960400803BB1 /* CurrencyConverter.app */ = {isa = PBXFileReference; explicitFileType = wrapper.application; includeInIndex = 0; path = CurrencyConverter.app; sourceTree = BUILT_PRODUCTS_DIR; };
		95423A041E25960400803BB1 /* AppDelegate.swift */ = {isa = PBXFileReference; lastKnownFileType = sourcecode.swift; path = AppDelegate.swift; sourceTree = "<group>"; };
		95423A061E25960400803BB1 /* ViewController.swift */ = {isa = PBXFileReference; lastKnownFileType = sourcecode.swift; path = ViewController.swift; sourceTree = "<group>"; };
		95423A091E25960400803BB1 /* Base */ = {isa = PBXFileReference; lastKnownFileType = file.storyboard; name = Base; path = Base.lproj/Main.storyboard; sourceTree = "<group>"; };
		95423A0C1E25960400803BB1 /* CurrencyConverter.xcdatamodel */ = {isa = PBXFileReference; lastKnownFileType = wrapper.xcdatamodel; path = CurrencyConverter.xcdatamodel; sourceTree = "<group>"; };
		95423A0E1E25960400803BB1 /* Assets.xcassets */ = {isa = PBXFileReference; lastKnownFileType = folder.assetcatalog; path = Assets.xcassets; sourceTree = "<group>"; };
		95423A111E25960400803BB1 /* Base */ = {isa = PBXFileReference; lastKnownFileType = file.storyboard; name = Base; path = Base.lproj/LaunchScreen.storyboard; sourceTree = "<group>"; };
		95423A131E25960400803BB1 /* Info.plist */ = {isa = PBXFileReference; lastKnownFileType = text.plist.xml; path = Info.plist; sourceTree = "<group>"; };
		95423A181E25960400803BB1 /* CurrencyConverterTests.xctest */ = {isa = PBXFileReference; explicitFileType = wrapper.cfbundle; includeInIndex = 0; path = CurrencyConverterTests.xctest; sourceTree = BUILT_PRODUCTS_DIR; };
		95423A1C1E25960400803BB1 /* CurrencyConverterTests.swift */ = {isa = PBXFileReference; lastKnownFileType = sourcecode.swift; path = CurrencyConverterTests.swift; sourceTree = "<group>"; };
		95423A1E1E25960400803BB1 /* Info.plist */ = {isa = PBXFileReference; lastKnownFileType = text.plist.xml; path = Info.plist; sourceTree = "<group>"; };
		95423A271E259E2D00803BB1 /* DataManager.swift */ = {isa = PBXFileReference; fileEncoding = 4; lastKnownFileType = sourcecode.swift; path = DataManager.swift; sourceTree = "<group>"; };
/* End PBXFileReference section */

/* Begin PBXFrameworksBuildPhase section */
		954239FE1E25960400803BB1 /* Frameworks */ = {
			isa = PBXFrameworksBuildPhase;
			buildActionMask = 2147483647;
			files = (
			);
			runOnlyForDeploymentPostprocessing = 0;
		};
		95423A151E25960400803BB1 /* Frameworks */ = {
			isa = PBXFrameworksBuildPhase;
			buildActionMask = 2147483647;
			files = (
			);
			runOnlyForDeploymentPostprocessing = 0;
		};
/* End PBXFrameworksBuildPhase section */

/* Begin PBXGroup section */
		954239F81E25960400803BB1 = {
			isa = PBXGroup;
			children = (
				95423A031E25960400803BB1 /* CurrencyConverter */,
				95423A1B1E25960400803BB1 /* CurrencyConverterTests */,
				95423A021E25960400803BB1 /* Products */,
			);
			sourceTree = "<group>";
		};
		95423A021E25960400803BB1 /* Products */ = {
			isa = PBXGroup;
			children = (
				95423A011E25960400803BB1 /* CurrencyConverter.app */,
				95423A181E25960400803BB1 /* CurrencyConverterTests.xctest */,
			);
			name = Products;
			sourceTree = "<group>";
		};
		95423A031E25960400803BB1 /* CurrencyConverter */ = {
			isa = PBXGroup;
			children = (
				95423A041E25960400803BB1 /* AppDelegate.swift */,
				95423A061E25960400803BB1 /* ViewController.swift */,
				95423A271E259E2D00803BB1 /* DataManager.swift */,
				952A4ACD1E2AA2C300B949D0 /* Rate.swift */,
				952A4ACF1E2AB24200B949D0 /* RateCollectionViewCell.swift */,
				952A4AD11E2BEA4F00B949D0 /* DataCache.swift */,
				95423A081E25960400803BB1 /* Main.storyboard */,
				95423A0E1E25960400803BB1 /* Assets.xcassets */,
				95423A101E25960400803BB1 /* LaunchScreen.storyboard */,
				95423A131E25960400803BB1 /* Info.plist */,
				95423A0B1E25960400803BB1 /* CurrencyConverter.xcdatamodeld */,
			);
			path = CurrencyConverter;
			sourceTree = "<group>";
		};
		95423A1B1E25960400803BB1 /* CurrencyConverterTests */ = {
			isa = PBXGroup;
			children = (
				95423A1C1E25960400803BB1 /* CurrencyConverterTests.swift */,
				95423A1E1E25960400803BB1 /* Info.plist */,
			);
			path = CurrencyConverterTests;
			sourceTree = "<group>";
		};
/* End PBXGroup section */

/* Begin PBXNativeTarget section */
		95423A001E25960400803BB1 /* CurrencyConverter */ = {
			isa = PBXNativeTarget;
			buildConfigurationList = 95423A211E25960400803BB1 /* Build configuration list for PBXNativeTarget "CurrencyConverter" */;
			buildPhases = (
				954239FD1E25960400803BB1 /* Sources */,
				954239FE1E25960400803BB1 /* Frameworks */,
				954239FF1E25960400803BB1 /* Resources */,
			);
			buildRules = (
			);
			dependencies = (
			);
			name = CurrencyConverter;
			productName = CurrencyConverter;
			productReference = 95423A011E25960400803BB1 /* CurrencyConverter.app */;
			productType = "com.apple.product-type.application";
		};
		95423A171E25960400803BB1 /* CurrencyConverterTests */ = {
			isa = PBXNativeTarget;
			buildConfigurationList = 95423A241E25960400803BB1 /* Build configuration list for PBXNativeTarget "CurrencyConverterTests" */;
			buildPhases = (
				95423A141E25960400803BB1 /* Sources */,
				95423A151E25960400803BB1 /* Frameworks */,
				95423A161E25960400803BB1 /* Resources */,
			);
			buildRules = (
			);
			dependencies = (
				95423A1A1E25960400803BB1 /* PBXTargetDependency */,
			);
			name = CurrencyConverterTests;
			productName = CurrencyConverterTests;
			productReference = 95423A181E25960400803BB1 /* CurrencyConverterTests.xctest */;
			productType = "com.apple.product-type.bundle.unit-test";
		};
/* End PBXNativeTarget section */

/* Begin PBXProject section */
		954239F91E25960400803BB1 /* Project object */ = {
			isa = PBXProject;
			attributes = {
				LastSwiftUpdateCheck = 0810;
				LastUpgradeCheck = 0810;
				ORGANIZATIONNAME = Wasserman;
				TargetAttributes = {
					95423A001E25960400803BB1 = {
						CreatedOnToolsVersion = 8.1;
						ProvisioningStyle = Automatic;
					};
					95423A171E25960400803BB1 = {
						CreatedOnToolsVersion = 8.1;
						ProvisioningStyle = Automatic;
						TestTargetID = 95423A001E25960400803BB1;
					};
				};
			};
			buildConfigurationList = 954239FC1E25960400803BB1 /* Build configuration list for PBXProject "CurrencyConverter" */;
			compatibilityVersion = "Xcode 3.2";
			developmentRegion = English;
			hasScannedForEncodings = 0;
			knownRegions = (
				en,
				Base,
			);
			mainGroup = 954239F81E25960400803BB1;
			productRefGroup = 95423A021E25960400803BB1 /* Products */;
			projectDirPath = "";
			projectRoot = "";
			targets = (
				95423A001E25960400803BB1 /* CurrencyConverter */,
				95423A171E25960400803BB1 /* CurrencyConverterTests */,
			);
		};
/* End PBXProject section */

/* Begin PBXResourcesBuildPhase section */
		954239FF1E25960400803BB1 /* Resources */ = {
			isa = PBXResourcesBuildPhase;
			buildActionMask = 2147483647;
			files = (
				95423A121E25960400803BB1 /* LaunchScreen.storyboard in Resources */,
				95423A0F1E25960400803BB1 /* Assets.xcassets in Resources */,
				95423A0A1E25960400803BB1 /* Main.storyboard in Resources */,
			);
			runOnlyForDeploymentPostprocessing = 0;
		};
		95423A161E25960400803BB1 /* Resources */ = {
			isa = PBXResourcesBuildPhase;
			buildActionMask = 2147483647;
			files = (
			);
			runOnlyForDeploymentPostprocessing = 0;
		};
/* End PBXResourcesBuildPhase section */

/* Begin PBXSourcesBuildPhase section */
		954239FD1E25960400803BB1 /* Sources */ = {
			isa = PBXSourcesBuildPhase;
			buildActionMask = 2147483647;
			files = (
				952A4AD21E2BEA4F00B949D0 /* DataCache.swift in Sources */,
				952A4AD01E2AB24200B949D0 /* RateCollectionViewCell.swift in Sources */,
				95423A071E25960400803BB1 /* ViewController.swift in Sources */,
				95423A051E25960400803BB1 /* AppDelegate.swift in Sources */,
				95423A281E259E2D00803BB1 /* DataManager.swift in Sources */,
				952A4ACE1E2AA2C300B949D0 /* Rate.swift in Sources */,
				95423A0D1E25960400803BB1 /* CurrencyConverter.xcdatamodeld in Sources */,
			);
			runOnlyForDeploymentPostprocessing = 0;
		};
		95423A141E25960400803BB1 /* Sources */ = {
			isa = PBXSourcesBuildPhase;
			buildActionMask = 2147483647;
			files = (
				95423A1D1E25960400803BB1 /* CurrencyConverterTests.swift in Sources */,
			);
			runOnlyForDeploymentPostprocessing = 0;
		};
/* End PBXSourcesBuildPhase section */

/* Begin PBXTargetDependency section */
		95423A1A1E25960400803BB1 /* PBXTargetDependency */ = {
			isa = PBXTargetDependency;
			target = 95423A001E25960400803BB1 /* CurrencyConverter */;
			targetProxy = 95423A191E25960400803BB1 /* PBXContainerItemProxy */;
		};
/* End PBXTargetDependency section */

/* Begin PBXVariantGroup section */
		95423A081E25960400803BB1 /* Main.storyboard */ = {
			isa = PBXVariantGroup;
			children = (
				95423A091E25960400803BB1 /* Base */,
			);
			name = Main.storyboard;
			sourceTree = "<group>";
		};
		95423A101E25960400803BB1 /* LaunchScreen.storyboard */ = {
			isa = PBXVariantGroup;
			children = (
				95423A111E25960400803BB1 /* Base */,
			);
			name = LaunchScreen.storyboard;
			sourceTree = "<group>";
		};
/* End PBXVariantGroup section */

/* Begin XCBuildConfiguration section */
		95423A1F1E25960400803BB1 /* Debug */ = {
			isa = XCBuildConfiguration;
			buildSettings = {
				ALWAYS_SEARCH_USER_PATHS = NO;
				CLANG_ANALYZER_NONNULL = YES;
				CLANG_CXX_LANGUAGE_STANDARD = "gnu++0x";
				CLANG_CXX_LIBRARY = "libc++";
				CLANG_ENABLE_MODULES = YES;
				CLANG_ENABLE_OBJC_ARC = YES;
				CLANG_WARN_BOOL_CONVERSION = YES;
				CLANG_WARN_CONSTANT_CONVERSION = YES;
				CLANG_WARN_DIRECT_OBJC_ISA_USAGE = YES_ERROR;
				CLANG_WARN_DOCUMENTATION_COMMENTS = YES;
				CLANG_WARN_EMPTY_BODY = YES;
				CLANG_WARN_ENUM_CONVERSION = YES;
				CLANG_WARN_INFINITE_RECURSION = YES;
				CLANG_WARN_INT_CONVERSION = YES;
				CLANG_WARN_OBJC_ROOT_CLASS = YES_ERROR;
				CLANG_WARN_SUSPICIOUS_MOVES = YES;
				CLANG_WARN_UNREACHABLE_CODE = YES;
				CLANG_WARN__DUPLICATE_METHOD_MATCH = YES;
				"CODE_SIGN_IDENTITY[sdk=iphoneos*]" = "iPhone Developer";
				COPY_PHASE_STRIP = NO;
				DEBUG_INFORMATION_FORMAT = dwarf;
				ENABLE_STRICT_OBJC_MSGSEND = YES;
				ENABLE_TESTABILITY = YES;
				GCC_C_LANGUAGE_STANDARD = gnu99;
				GCC_DYNAMIC_NO_PIC = NO;
				GCC_NO_COMMON_BLOCKS = YES;
				GCC_OPTIMIZATION_LEVEL = 0;
				GCC_PREPROCESSOR_DEFINITIONS = (
					"DEBUG=1",
					"$(inherited)",
				);
				GCC_WARN_64_TO_32_BIT_CONVERSION = YES;
				GCC_WARN_ABOUT_RETURN_TYPE = YES_ERROR;
				GCC_WARN_UNDECLARED_SELECTOR = YES;
				GCC_WARN_UNINITIALIZED_AUTOS = YES_AGGRESSIVE;
				GCC_WARN_UNUSED_FUNCTION = YES;
				GCC_WARN_UNUSED_VARIABLE = YES;
				IPHONEOS_DEPLOYMENT_TARGET = 10.1;
				MTL_ENABLE_DEBUG_INFO = YES;
				ONLY_ACTIVE_ARCH = YES;
				SDKROOT = iphoneos;
				SWIFT_ACTIVE_COMPILATION_CONDITIONS = DEBUG;
				SWIFT_OPTIMIZATION_LEVEL = "-Onone";
			};
			name = Debug;
		};
		95423A201E25960400803BB1 /* Release */ = {
			isa = XCBuildConfiguration;
			buildSettings = {
				ALWAYS_SEARCH_USER_PATHS = NO;
				CLANG_ANALYZER_NONNULL = YES;
				CLANG_CXX_LANGUAGE_STANDARD = "gnu++0x";
				CLANG_CXX_LIBRARY = "libc++";
				CLANG_ENABLE_MODULES = YES;
				CLANG_ENABLE_OBJC_ARC = YES;
				CLANG_WARN_BOOL_CONVERSION = YES;
				CLANG_WARN_CONSTANT_CONVERSION = YES;
				CLANG_WARN_DIRECT_OBJC_ISA_USAGE = YES_ERROR;
				CLANG_WARN_DOCUMENTATION_COMMENTS = YES;
				CLANG_WARN_EMPTY_BODY = YES;
				CLANG_WARN_ENUM_CONVERSION = YES;
				CLANG_WARN_INFINITE_RECURSION = YES;
				CLANG_WARN_INT_CONVERSION = YES;
				CLANG_WARN_OBJC_ROOT_CLASS = YES_ERROR;
				CLANG_WARN_SUSPICIOUS_MOVES = YES;
				CLANG_WARN_UNREACHABLE_CODE = YES;
				CLANG_WARN__DUPLICATE_METHOD_MATCH = YES;
				"CODE_SIGN_IDENTITY[sdk=iphoneos*]" = "iPhone Developer";
				COPY_PHASE_STRIP = NO;
				DEBUG_INFORMATION_FORMAT = "dwarf-with-dsym";
				ENABLE_NS_ASSERTIONS = NO;
				ENABLE_STRICT_OBJC_MSGSEND = YES;
				GCC_C_LANGUAGE_STANDARD = gnu99;
				GCC_NO_COMMON_BLOCKS = YES;
				GCC_WARN_64_TO_32_BIT_CONVERSION = YES;
				GCC_WARN_ABOUT_RETURN_TYPE = YES_ERROR;
				GCC_WARN_UNDECLARED_SELECTOR = YES;
				GCC_WARN_UNINITIALIZED_AUTOS = YES_AGGRESSIVE;
				GCC_WARN_UNUSED_FUNCTION = YES;
				GCC_WARN_UNUSED_VARIABLE = YES;
				IPHONEOS_DEPLOYMENT_TARGET = 10.1;
				MTL_ENABLE_DEBUG_INFO = NO;
				SDKROOT = iphoneos;
				SWIFT_OPTIMIZATION_LEVEL = "-Owholemodule";
				VALIDATE_PRODUCT = YES;
			};
			name = Release;
		};
		95423A221E25960400803BB1 /* Debug */ = {
			isa = XCBuildConfiguration;
			buildSettings = {
				ASSETCATALOG_COMPILER_APPICON_NAME = AppIcon;
				INFOPLIST_FILE = CurrencyConverter/Info.plist;
				LD_RUNPATH_SEARCH_PATHS = "$(inherited) @executable_path/Frameworks";
				PRODUCT_BUNDLE_IDENTIFIER = com.wasserman.CurrencyConverter;
				PRODUCT_NAME = "$(TARGET_NAME)";
				SWIFT_VERSION = 3.0;
			};
			name = Debug;
		};
		95423A231E25960400803BB1 /* Release */ = {
			isa = XCBuildConfiguration;
			buildSettings = {
				ASSETCATALOG_COMPILER_APPICON_NAME = AppIcon;
				INFOPLIST_FILE = CurrencyConverter/Info.plist;
				LD_RUNPATH_SEARCH_PATHS = "$(inherited) @executable_path/Frameworks";
				PRODUCT_BUNDLE_IDENTIFIER = com.wasserman.CurrencyConverter;
				PRODUCT_NAME = "$(TARGET_NAME)";
				SWIFT_VERSION = 3.0;
			};
			name = Release;
		};
		95423A251E25960400803BB1 /* Debug */ = {
			isa = XCBuildConfiguration;
			buildSettings = {
				ALWAYS_EMBED_SWIFT_STANDARD_LIBRARIES = YES;
				BUNDLE_LOADER = "$(TEST_HOST)";
				INFOPLIST_FILE = CurrencyConverterTests/Info.plist;
				LD_RUNPATH_SEARCH_PATHS = "$(inherited) @executable_path/Frameworks @loader_path/Frameworks";
				PRODUCT_BUNDLE_IDENTIFIER = com.wasserman.CurrencyConverterTests;
				PRODUCT_NAME = "$(TARGET_NAME)";
				SWIFT_VERSION = 3.0;
				TEST_HOST = "$(BUILT_PRODUCTS_DIR)/CurrencyConverter.app/CurrencyConverter";
			};
			name = Debug;
		};
		95423A261E25960400803BB1 /* Release */ = {
			isa = XCBuildConfiguration;
			buildSettings = {
				ALWAYS_EMBED_SWIFT_STANDARD_LIBRARIES = YES;
				BUNDLE_LOADER = "$(TEST_HOST)";
				INFOPLIST_FILE = CurrencyConverterTests/Info.plist;
				LD_RUNPATH_SEARCH_PATHS = "$(inherited) @executable_path/Frameworks @loader_path/Frameworks";
				PRODUCT_BUNDLE_IDENTIFIER = com.wasserman.CurrencyConverterTests;
				PRODUCT_NAME = "$(TARGET_NAME)";
				SWIFT_VERSION = 3.0;
				TEST_HOST = "$(BUILT_PRODUCTS_DIR)/CurrencyConverter.app/CurrencyConverter";
			};
			name = Release;
		};
/* End XCBuildConfiguration section */

/* Begin XCConfigurationList section */
		954239FC1E25960400803BB1 /* Build configuration list for PBXProject "CurrencyConverter" */ = {
			isa = XCConfigurationList;
			buildConfigurations = (
				95423A1F1E25960400803BB1 /* Debug */,
				95423A201E25960400803BB1 /* Release */,
			);
			defaultConfigurationIsVisible = 0;
			defaultConfigurationName = Release;
		};
		95423A211E25960400803BB1 /* Build configuration list for PBXNativeTarget "CurrencyConverter" */ = {
			isa = XCConfigurationList;
			buildConfigurations = (
				95423A221E25960400803BB1 /* Debug */,
				95423A231E25960400803BB1 /* Release */,
			);
			defaultConfigurationIsVisible = 0;
			defaultConfigurationName = Release;
		};
		95423A241E25960400803BB1 /* Build configuration list for PBXNativeTarget "CurrencyConverterTests" */ = {
			isa = XCConfigurationList;
			buildConfigurations = (
				95423A251E25960400803BB1 /* Debug */,
				95423A261E25960400803BB1 /* Release */,
			);
			defaultConfigurationIsVisible = 0;
			defaultConfigurationName = Release;
		};
/* End XCConfigurationList section */

/* Begin XCVersionGroup section */
		95423A0B1E25960400803BB1 /* CurrencyConverter.xcdatamodeld */ = {
			isa = XCVersionGroup;
			children = (
				95423A0C1E25960400803BB1 /* CurrencyConverter.xcdatamodel */,
			);
			currentVersion = 95423A0C1E25960400803BB1 /* CurrencyConverter.xcdatamodel */;
			path = CurrencyConverter.xcdatamodeld;
			sourceTree = "<group>";
			versionGroupType = wrapper.xcdatamodel;
		};
/* End XCVersionGroup section */
	};
	rootObject = 954239F91E25960400803BB1 /* Project object */;
}
